// !$*UTF8*$!
{
	archiveVersion = 1;
	classes = {
	};
	objectVersion = 54;
	objects = {

/* Begin PBXBuildFile section */
		00E356F01AD99517003FC87E /* MrBroccoliNativeLifecycleTests.swift in Sources */ = {isa = PBXBuildFile; fileRef = 00E356EF1AD99517003FC87E /* MrBroccoliNativeLifecycleTests.swift */; };
		13B07FBF1A68108700A75B9A /* Images.xcassets in Resources */ = {isa = PBXBuildFile; fileRef = 13B07FB51A68108700A75B9A /* Images.xcassets */; };
		3E461D99554A48A4959DE609 /* SplashScreen.storyboard in Resources */ = {isa = PBXBuildFile; fileRef = AA286B85B6C04FC6940260E9 /* SplashScreen.storyboard */; };
		5537CA547A095C86D2D27B28 /* PrivacyInfo.xcprivacy in Resources */ = {isa = PBXBuildFile; fileRef = 64F9FFC99FC7060C97837358 /* PrivacyInfo.xcprivacy */; };
		6BBAA95B51D3F6322E30BD0D /* ExpoModulesProvider.swift in Sources */ = {isa = PBXBuildFile; fileRef = C52F9AF8602F178C80F51B50 /* ExpoModulesProvider.swift */; };
		7B76EF5C5EE3F29D132AEF6B /* ExpoModulesProvider.swift in Sources */ = {isa = PBXBuildFile; fileRef = 1379702F91B4EC563F15F98D /* ExpoModulesProvider.swift */; };
		7C4A2D4D5A9E4A6FB6500101 /* MrBroccoliNativeAudioQueue.m in Sources */ = {isa = PBXBuildFile; fileRef = 7C4A2D4D5A9E4A6FB6500001 /* MrBroccoliNativeAudioQueue.m */; };
		7C4A2D4D5A9E4A6FB6500103 /* MrBroccoliNativeWaveform.swift in Sources */ = {isa = PBXBuildFile; fileRef = 7C4A2D4D5A9E4A6FB6500003 /* MrBroccoliNativeWaveform.swift */; };
		7C4A2D4D5A9E4A6FB6500104 /* MrBroccoliNativeWaveformBridge.m in Sources */ = {isa = PBXBuildFile; fileRef = 7C4A2D4D5A9E4A6FB6500004 /* MrBroccoliNativeWaveformBridge.m */; };
		7C4A2D4D5A9E4A6FB6500105 /* MrBroccoliNativeWaveformView.swift in Sources */ = {isa = PBXBuildFile; fileRef = 7C4A2D4D5A9E4A6FB6500005 /* MrBroccoliNativeWaveformView.swift */; };
		7C4A2D4D5A9E4A6FB6500106 /* MrBroccoliWaveformAudioAnalysis.swift in Sources */ = {isa = PBXBuildFile; fileRef = 7C4A2D4D5A9E4A6FB6500006 /* MrBroccoliWaveformAudioAnalysis.swift */; };
		7C4A2D4D5A9E4A6FB6500107 /* MrBroccoliWaveformCoordinator.swift in Sources */ = {isa = PBXBuildFile; fileRef = 7C4A2D4D5A9E4A6FB6500007 /* MrBroccoliWaveformCoordinator.swift */; };
		7C4A2D4D5A9E4A6FB6500108 /* MrBroccoliWaveformInputProcessor.swift in Sources */ = {isa = PBXBuildFile; fileRef = 7C4A2D4D5A9E4A6FB6500008 /* MrBroccoliWaveformInputProcessor.swift */; };
		7C4A2D4D5A9E4A6FB6500109 /* MrBroccoliWaveformMath.swift in Sources */ = {isa = PBXBuildFile; fileRef = 7C4A2D4D5A9E4A6FB6500009 /* MrBroccoliWaveformMath.swift */; };
		7C4A2D4D5A9E4A6FB650010A /* MrBroccoliWaveformRendering.swift in Sources */ = {isa = PBXBuildFile; fileRef = 7C4A2D4D5A9E4A6FB650000A /* MrBroccoliWaveformRendering.swift */; };
		7C4A2D4D5A9E4A6FB650010B /* MrBroccoliWaveformFileAnalyzer.swift in Sources */ = {isa = PBXBuildFile; fileRef = 7C4A2D4D5A9E4A6FB650000C /* MrBroccoliWaveformFileAnalyzer.swift */; };
		7C4A2D4D5A9E4A6FB650010C /* MrBroccoliWaveformRecorder.swift in Sources */ = {isa = PBXBuildFile; fileRef = 7C4A2D4D5A9E4A6FB650000D /* MrBroccoliWaveformRecorder.swift */; };
		7C4A2D4D5A9E4A6FB650010D /* MrBroccoliWaveformAudioSession.swift in Sources */ = {isa = PBXBuildFile; fileRef = 7C4A2D4D5A9E4A6FB650000E /* MrBroccoliWaveformAudioSession.swift */; };
		7C4A2D4D5A9E4A6FB650010E /* MrBroccoliWaveformRollingBuffer.swift in Sources */ = {isa = PBXBuildFile; fileRef = 7C4A2D4D5A9E4A6FB650000F /* MrBroccoliWaveformRollingBuffer.swift */; };
		7C4A2D4D5A9E4A6FB650010F /* MrBroccoliWaveformLevelEmitter.swift in Sources */ = {isa = PBXBuildFile; fileRef = 7C4A2D4D5A9E4A6FB6500010 /* MrBroccoliWaveformLevelEmitter.swift */; };
		7C4A2D4D5A9E4A6FB6500110 /* MrBroccoliBackgroundVoiceTurn.m in Sources */ = {isa = PBXBuildFile; fileRef = 7C4A2D4D5A9E4A6FB6500011 /* MrBroccoliBackgroundVoiceTurn.m */; };
		8A5C26011111111111111114 /* MrBroccoliAudioQueueSession.m in Sources */ = {isa = PBXBuildFile; fileRef = 8A5C26011111111111111124 /* MrBroccoliAudioQueueSession.m */; };
		8A5C26011111111111111115 /* MrBroccoliAudioQueueCoordinator.m in Sources */ = {isa = PBXBuildFile; fileRef = 8A5C26011111111111111125 /* MrBroccoliAudioQueueCoordinator.m */; };
		9320197010ADB7EBE9AF7784 /* libPods-MrBroccoliTests.a in Frameworks */ = {isa = PBXBuildFile; fileRef = 5ABFFBCBB85A41DCBB9BEF00 /* libPods-MrBroccoliTests.a */; };
		BB2F792D24A3F905000567C9 /* Expo.plist in Resources */ = {isa = PBXBuildFile; fileRef = BB2F792C24A3F905000567C9 /* Expo.plist */; };
		C01A00000000000000000001 /* MrBroccoliVoiceActivityAttributes.swift in Sources */ = {isa = PBXBuildFile; fileRef = C01A00000000000000000011 /* MrBroccoliVoiceActivityAttributes.swift */; };
		C01A00000000000000000002 /* MrBroccoliVoiceLiveActivity.swift in Sources */ = {isa = PBXBuildFile; fileRef = C01A00000000000000000012 /* MrBroccoliVoiceLiveActivity.swift */; };
		C01A00000000000000000003 /* MrBroccoliLiveActivity.appex in Embed App Extensions */ = {isa = PBXBuildFile; fileRef = C01A00000000000000000014 /* MrBroccoliLiveActivity.appex */; settings = {ATTRIBUTES = (RemoveHeadersOnCopy, ); }; };
		C01A00000000000000000004 /* MrBroccoliVoiceActivityAttributes.swift in Sources */ = {isa = PBXBuildFile; fileRef = C01A00000000000000000011 /* MrBroccoliVoiceActivityAttributes.swift */; };
		C01A00000000000000000005 /* MrBroccoliVoiceLiveActivity.swift in Sources */ = {isa = PBXBuildFile; fileRef = C01A00000000000000000015 /* MrBroccoliVoiceLiveActivity.swift */; };
		C01A00000000000000000006 /* MrBroccoliVoiceLiveActivityBridge.m in Sources */ = {isa = PBXBuildFile; fileRef = C01A00000000000000000016 /* MrBroccoliVoiceLiveActivityBridge.m */; };
		D1A600000000000000000001 /* MrBroccoliDiagnostics.swift in Sources */ = {isa = PBXBuildFile; fileRef = D1A600000000000000000011 /* MrBroccoliDiagnostics.swift */; };
		D1A600000000000000000002 /* MrBroccoliDiagnosticsBridge.m in Sources */ = {isa = PBXBuildFile; fileRef = D1A600000000000000000012 /* MrBroccoliDiagnosticsBridge.m */; };
		D2A600000000000000000001 /* MrBroccoliWaveformInterruptionPolicy.swift in Sources */ = {isa = PBXBuildFile; fileRef = D2A600000000000000000011 /* MrBroccoliWaveformInterruptionPolicy.swift */; };
		E1B700000000000000000001 /* MrBroccoliBackupCrypto.m in Sources */ = {isa = PBXBuildFile; fileRef = E1B700000000000000000011 /* MrBroccoliBackupCrypto.m */; };
		E1B700000000000000000002 /* MrBroccoliArchiveDirectory.m in Sources */ = {isa = PBXBuildFile; fileRef = E1B700000000000000000012 /* MrBroccoliArchiveDirectory.m */; };
		E2385A0D49ADF64A271D5FFE /* libPods-MrBroccoli.a in Frameworks */ = {isa = PBXBuildFile; fileRef = 4C2E18CB4910ACB38E443AFE /* libPods-MrBroccoli.a */; };
		F11748422D0307B40044C1D9 /* AppDelegate.swift in Sources */ = {isa = PBXBuildFile; fileRef = F11748412D0307B40044C1D9 /* AppDelegate.swift */; };
/* End PBXBuildFile section */

/* Begin PBXContainerItemProxy section */
		00E356F31AD99517003FC87E /* PBXContainerItemProxy */ = {
			isa = PBXContainerItemProxy;
			containerPortal = 83CBB9F71A601CBA00E9B192 /* Project object */;
			proxyType = 1;
			remoteGlobalIDString = 13B07F861A680F5B00A75B9A;
			remoteInfo = MrBroccoli;
		};
		C01A00000000000000000027 /* PBXContainerItemProxy */ = {
			isa = PBXContainerItemProxy;
			containerPortal = 83CBB9F71A601CBA00E9B192 /* Project object */;
			proxyType = 1;
			remoteGlobalIDString = C01A00000000000000000026;
			remoteInfo = MrBroccoliLiveActivity;
		};
/* End PBXContainerItemProxy section */

/* Begin PBXCopyFilesBuildPhase section */
		C01A00000000000000000024 /* Embed App Extensions */ = {
			isa = PBXCopyFilesBuildPhase;
			buildActionMask = 2147483647;
			dstPath = "";
			dstSubfolderSpec = 13;
			files = (
				C01A00000000000000000003 /* MrBroccoliLiveActivity.appex in Embed App Extensions */,
			);
			name = "Embed App Extensions";
			runOnlyForDeploymentPostprocessing = 0;
		};
/* End PBXCopyFilesBuildPhase section */

/* Begin PBXFileReference section */
		00E356EF1AD99517003FC87E /* MrBroccoliNativeLifecycleTests.swift */ = {isa = PBXFileReference; lastKnownFileType = sourcecode.swift; path = MrBroccoliNativeLifecycleTests.swift; sourceTree = "<group>"; };
		00E356F21AD99517003FC87E /* MrBroccoliTests.xctest */ = {isa = PBXFileReference; explicitFileType = wrapper.cfbundle; includeInIndex = 0; path = MrBroccoliTests.xctest; sourceTree = BUILT_PRODUCTS_DIR; };
		1379702F91B4EC563F15F98D /* ExpoModulesProvider.swift */ = {isa = PBXFileReference; includeInIndex = 1; lastKnownFileType = sourcecode.swift; name = ExpoModulesProvider.swift; path = "Pods/Target Support Files/Pods-MrBroccoliTests/ExpoModulesProvider.swift"; sourceTree = "<group>"; };
		13B07F961A680F5B00A75B9A /* MrBroccoli.app */ = {isa = PBXFileReference; explicitFileType = wrapper.application; includeInIndex = 0; path = MrBroccoli.app; sourceTree = BUILT_PRODUCTS_DIR; };
		13B07FB51A68108700A75B9A /* Images.xcassets */ = {isa = PBXFileReference; lastKnownFileType = folder.assetcatalog; name = Images.xcassets; path = MrBroccoli/Images.xcassets; sourceTree = "<group>"; };
		13B07FB61A68108700A75B9A /* Info.plist */ = {isa = PBXFileReference; fileEncoding = 4; lastKnownFileType = text.plist.xml; name = Info.plist; path = MrBroccoli/Info.plist; sourceTree = "<group>"; };
		4C2E18CB4910ACB38E443AFE /* libPods-MrBroccoli.a */ = {isa = PBXFileReference; explicitFileType = archive.ar; includeInIndex = 0; path = "libPods-MrBroccoli.a"; sourceTree = BUILT_PRODUCTS_DIR; };
		5ABFFBCBB85A41DCBB9BEF00 /* libPods-MrBroccoliTests.a */ = {isa = PBXFileReference; explicitFileType = archive.ar; includeInIndex = 0; path = "libPods-MrBroccoliTests.a"; sourceTree = BUILT_PRODUCTS_DIR; };
		6114B1627515AE5148884A6F /* Pods-MrBroccoliTests.debug.xcconfig */ = {isa = PBXFileReference; includeInIndex = 1; lastKnownFileType = text.xcconfig; name = "Pods-MrBroccoliTests.debug.xcconfig"; path = "Target Support Files/Pods-MrBroccoliTests/Pods-MrBroccoliTests.debug.xcconfig"; sourceTree = "<group>"; };
		6248A357DF5BC319044A9D16 /* Pods-MrBroccoli.release.xcconfig */ = {isa = PBXFileReference; includeInIndex = 1; lastKnownFileType = text.xcconfig; name = "Pods-MrBroccoli.release.xcconfig"; path = "Target Support Files/Pods-MrBroccoli/Pods-MrBroccoli.release.xcconfig"; sourceTree = "<group>"; };
		64F9FFC99FC7060C97837358 /* PrivacyInfo.xcprivacy */ = {isa = PBXFileReference; includeInIndex = 1; lastKnownFileType = text.xml; name = PrivacyInfo.xcprivacy; path = MrBroccoli/PrivacyInfo.xcprivacy; sourceTree = "<group>"; };
		7C4A2D4D5A9E4A6FB6500001 /* MrBroccoliNativeAudioQueue.m */ = {isa = PBXFileReference; lastKnownFileType = sourcecode.c.objc; name = MrBroccoliNativeAudioQueue.m; path = MrBroccoli/MrBroccoliNativeAudioQueue.m; sourceTree = "<group>"; };
		7C4A2D4D5A9E4A6FB6500003 /* MrBroccoliNativeWaveform.swift */ = {isa = PBXFileReference; lastKnownFileType = sourcecode.swift; name = MrBroccoliNativeWaveform.swift; path = MrBroccoli/MrBroccoliNativeWaveform.swift; sourceTree = "<group>"; };
		7C4A2D4D5A9E4A6FB6500004 /* MrBroccoliNativeWaveformBridge.m */ = {isa = PBXFileReference; lastKnownFileType = sourcecode.c.objc; name = MrBroccoliNativeWaveformBridge.m; path = MrBroccoli/MrBroccoliNativeWaveformBridge.m; sourceTree = "<group>"; };
		7C4A2D4D5A9E4A6FB6500005 /* MrBroccoliNativeWaveformView.swift */ = {isa = PBXFileReference; lastKnownFileType = sourcecode.swift; name = MrBroccoliNativeWaveformView.swift; path = MrBroccoli/MrBroccoliNativeWaveformView.swift; sourceTree = "<group>"; };
		7C4A2D4D5A9E4A6FB6500006 /* MrBroccoliWaveformAudioAnalysis.swift */ = {isa = PBXFileReference; lastKnownFileType = sourcecode.swift; path = MrBroccoliWaveformAudioAnalysis.swift; sourceTree = "<group>"; };
		7C4A2D4D5A9E4A6FB6500007 /* MrBroccoliWaveformCoordinator.swift */ = {isa = PBXFileReference; lastKnownFileType = sourcecode.swift; path = MrBroccoliWaveformCoordinator.swift; sourceTree = "<group>"; };
		7C4A2D4D5A9E4A6FB6500008 /* MrBroccoliWaveformInputProcessor.swift */ = {isa = PBXFileReference; lastKnownFileType = sourcecode.swift; path = MrBroccoliWaveformInputProcessor.swift; sourceTree = "<group>"; };
		7C4A2D4D5A9E4A6FB6500009 /* MrBroccoliWaveformMath.swift */ = {isa = PBXFileReference; lastKnownFileType = sourcecode.swift; path = MrBroccoliWaveformMath.swift; sourceTree = "<group>"; };
		7C4A2D4D5A9E4A6FB650000A /* MrBroccoliWaveformRendering.swift */ = {isa = PBXFileReference; lastKnownFileType = sourcecode.swift; path = MrBroccoliWaveformRendering.swift; sourceTree = "<group>"; };
		7C4A2D4D5A9E4A6FB650000C /* MrBroccoliWaveformFileAnalyzer.swift */ = {isa = PBXFileReference; lastKnownFileType = sourcecode.swift; path = MrBroccoliWaveformFileAnalyzer.swift; sourceTree = "<group>"; };
		7C4A2D4D5A9E4A6FB650000D /* MrBroccoliWaveformRecorder.swift */ = {isa = PBXFileReference; lastKnownFileType = sourcecode.swift; path = MrBroccoliWaveformRecorder.swift; sourceTree = "<group>"; };
		7C4A2D4D5A9E4A6FB650000E /* MrBroccoliWaveformAudioSession.swift */ = {isa = PBXFileReference; lastKnownFileType = sourcecode.swift; path = MrBroccoliWaveformAudioSession.swift; sourceTree = "<group>"; };
		7C4A2D4D5A9E4A6FB650000F /* MrBroccoliWaveformRollingBuffer.swift */ = {isa = PBXFileReference; lastKnownFileType = sourcecode.swift; path = MrBroccoliWaveformRollingBuffer.swift; sourceTree = "<group>"; };
		7C4A2D4D5A9E4A6FB6500010 /* MrBroccoliWaveformLevelEmitter.swift */ = {isa = PBXFileReference; lastKnownFileType = sourcecode.swift; path = MrBroccoliWaveformLevelEmitter.swift; sourceTree = "<group>"; };
		7C4A2D4D5A9E4A6FB6500011 /* MrBroccoliBackgroundVoiceTurn.m */ = {isa = PBXFileReference; lastKnownFileType = sourcecode.c.objc; name = MrBroccoliBackgroundVoiceTurn.m; path = MrBroccoli/MrBroccoliBackgroundVoiceTurn.m; sourceTree = "<group>"; };
		7C4A2D4D5A9E4A6FB6500012 /* MrBroccoliBackgroundVoiceTurn.h */ = {isa = PBXFileReference; lastKnownFileType = sourcecode.c.h; name = MrBroccoliBackgroundVoiceTurn.h; path = MrBroccoli/MrBroccoliBackgroundVoiceTurn.h; sourceTree = "<group>"; };
		8A5C26011111111111111124 /* MrBroccoliAudioQueueSession.m */ = {isa = PBXFileReference; lastKnownFileType = sourcecode.c.objc; name = MrBroccoliAudioQueueSession.m; path = MrBroccoli/MrBroccoliAudioQueueSession.m; sourceTree = "<group>"; };
		8A5C26011111111111111125 /* MrBroccoliAudioQueueCoordinator.m */ = {isa = PBXFileReference; lastKnownFileType = sourcecode.c.objc; name = MrBroccoliAudioQueueCoordinator.m; path = MrBroccoli/MrBroccoliAudioQueueCoordinator.m; sourceTree = "<group>"; };
		AA286B85B6C04FC6940260E9 /* SplashScreen.storyboard */ = {isa = PBXFileReference; fileEncoding = 4; lastKnownFileType = file.storyboard; name = SplashScreen.storyboard; path = MrBroccoli/SplashScreen.storyboard; sourceTree = "<group>"; };
		B4A100000000000000000001 /* MrBroccoli.storekit */ = {isa = PBXFileReference; lastKnownFileType = text; path = MrBroccoli/MrBroccoli.storekit; sourceTree = "<group>"; };
		BB2F792C24A3F905000567C9 /* Expo.plist */ = {isa = PBXFileReference; fileEncoding = 4; lastKnownFileType = text.plist.xml; path = Expo.plist; sourceTree = "<group>"; };
		C01A00000000000000000011 /* MrBroccoliVoiceActivityAttributes.swift */ = {isa = PBXFileReference; lastKnownFileType = sourcecode.swift; path = MrBroccoliVoiceActivityAttributes.swift; sourceTree = "<group>"; };
		C01A00000000000000000012 /* MrBroccoliVoiceLiveActivity.swift */ = {isa = PBXFileReference; lastKnownFileType = sourcecode.swift; path = MrBroccoliVoiceLiveActivity.swift; sourceTree = "<group>"; };
		C01A00000000000000000013 /* Info.plist */ = {isa = PBXFileReference; lastKnownFileType = text.plist.xml; path = Info.plist; sourceTree = "<group>"; };
		C01A00000000000000000014 /* MrBroccoliLiveActivity.appex */ = {isa = PBXFileReference; explicitFileType = "wrapper.app-extension"; includeInIndex = 0; path = MrBroccoliLiveActivity.appex; sourceTree = BUILT_PRODUCTS_DIR; };
		C01A00000000000000000015 /* MrBroccoliVoiceLiveActivity.swift */ = {isa = PBXFileReference; lastKnownFileType = sourcecode.swift; name = MrBroccoliVoiceLiveActivity.swift; path = MrBroccoli/MrBroccoliVoiceLiveActivity.swift; sourceTree = "<group>"; };
		C01A00000000000000000016 /* MrBroccoliVoiceLiveActivityBridge.m */ = {isa = PBXFileReference; lastKnownFileType = sourcecode.c.objc; name = MrBroccoliVoiceLiveActivityBridge.m; path = MrBroccoli/MrBroccoliVoiceLiveActivityBridge.m; sourceTree = "<group>"; };
		C52F9AF8602F178C80F51B50 /* ExpoModulesProvider.swift */ = {isa = PBXFileReference; includeInIndex = 1; lastKnownFileType = sourcecode.swift; name = ExpoModulesProvider.swift; path = "Pods/Target Support Files/Pods-MrBroccoli/ExpoModulesProvider.swift"; sourceTree = "<group>"; };
		CF5165F0FF79A69CD834CE27 /* Pods-MrBroccoliTests.release.xcconfig */ = {isa = PBXFileReference; includeInIndex = 1; lastKnownFileType = text.xcconfig; name = "Pods-MrBroccoliTests.release.xcconfig"; path = "Target Support Files/Pods-MrBroccoliTests/Pods-MrBroccoliTests.release.xcconfig"; sourceTree = "<group>"; };
		D1A600000000000000000011 /* MrBroccoliDiagnostics.swift */ = {isa = PBXFileReference; lastKnownFileType = sourcecode.swift; name = MrBroccoliDiagnostics.swift; path = MrBroccoli/MrBroccoliDiagnostics.swift; sourceTree = "<group>"; };
		D1A600000000000000000012 /* MrBroccoliDiagnosticsBridge.m */ = {isa = PBXFileReference; lastKnownFileType = sourcecode.c.objc; name = MrBroccoliDiagnosticsBridge.m; path = MrBroccoli/MrBroccoliDiagnosticsBridge.m; sourceTree = "<group>"; };
		D2A600000000000000000011 /* MrBroccoliWaveformInterruptionPolicy.swift */ = {isa = PBXFileReference; lastKnownFileType = sourcecode.swift; path = MrBroccoliWaveformInterruptionPolicy.swift; sourceTree = "<group>"; };
		E1B700000000000000000011 /* MrBroccoliBackupCrypto.m */ = {isa = PBXFileReference; lastKnownFileType = sourcecode.c.objc; name = MrBroccoliBackupCrypto.m; path = MrBroccoli/MrBroccoliBackupCrypto.m; sourceTree = "<group>"; };
		E1B700000000000000000012 /* MrBroccoliArchiveDirectory.m */ = {isa = PBXFileReference; lastKnownFileType = sourcecode.c.objc; name = MrBroccoliArchiveDirectory.m; path = MrBroccoli/MrBroccoliArchiveDirectory.m; sourceTree = "<group>"; };
		ED297162215061F000B7C4FE /* JavaScriptCore.framework */ = {isa = PBXFileReference; lastKnownFileType = wrapper.framework; name = JavaScriptCore.framework; path = System/Library/Frameworks/JavaScriptCore.framework; sourceTree = SDKROOT; };
		F11748412D0307B40044C1D9 /* AppDelegate.swift */ = {isa = PBXFileReference; lastKnownFileType = sourcecode.swift; name = AppDelegate.swift; path = MrBroccoli/AppDelegate.swift; sourceTree = "<group>"; };
		F11748442D0722820044C1D9 /* MrBroccoli-Bridging-Header.h */ = {isa = PBXFileReference; lastKnownFileType = sourcecode.c.h; name = "MrBroccoli-Bridging-Header.h"; path = "MrBroccoli/MrBroccoli-Bridging-Header.h"; sourceTree = "<group>"; };
		FBB87714520E96D715066ED1 /* Pods-MrBroccoli.debug.xcconfig */ = {isa = PBXFileReference; includeInIndex = 1; lastKnownFileType = text.xcconfig; name = "Pods-MrBroccoli.debug.xcconfig"; path = "Target Support Files/Pods-MrBroccoli/Pods-MrBroccoli.debug.xcconfig"; sourceTree = "<group>"; };
/* End PBXFileReference section */

/* Begin PBXFrameworksBuildPhase section */
		00E356EB1AD99517003FC87E /* Frameworks */ = {
			isa = PBXFrameworksBuildPhase;
			buildActionMask = 2147483647;
			files = (
				9320197010ADB7EBE9AF7784 /* libPods-MrBroccoliTests.a in Frameworks */,
			);
			runOnlyForDeploymentPostprocessing = 0;
		};
		13B07F8C1A680F5B00A75B9A /* Frameworks */ = {
			isa = PBXFrameworksBuildPhase;
			buildActionMask = 2147483647;
			files = (
				E2385A0D49ADF64A271D5FFE /* libPods-MrBroccoli.a in Frameworks */,
			);
			runOnlyForDeploymentPostprocessing = 0;
		};
		C01A00000000000000000021 /* Frameworks */ = {
			isa = PBXFrameworksBuildPhase;
			buildActionMask = 2147483647;
			files = (
			);
			runOnlyForDeploymentPostprocessing = 0;
		};
/* End PBXFrameworksBuildPhase section */

/* Begin PBXGroup section */
		00E356EE1AD99517003FC87E /* MrBroccoliTests */ = {
			isa = PBXGroup;
			children = (
				00E356EF1AD99517003FC87E /* MrBroccoliNativeLifecycleTests.swift */,
			);
			path = MrBroccoliTests;
			sourceTree = "<group>";
		};
		13B07FAE1A68108700A75B9A /* MrBroccoli */ = {
			isa = PBXGroup;
			children = (
				F11748412D0307B40044C1D9 /* AppDelegate.swift */,
				D1A600000000000000000011 /* MrBroccoliDiagnostics.swift */,
				D1A600000000000000000012 /* MrBroccoliDiagnosticsBridge.m */,
				E1B700000000000000000011 /* MrBroccoliBackupCrypto.m */,
				E1B700000000000000000012 /* MrBroccoliArchiveDirectory.m */,
				C01A00000000000000000015 /* MrBroccoliVoiceLiveActivity.swift */,
				C01A00000000000000000016 /* MrBroccoliVoiceLiveActivityBridge.m */,
				7C4A2D4D5A9E4A6FB6500001 /* MrBroccoliNativeAudioQueue.m */,
				7C4A2D4D5A9E4A6FB6500011 /* MrBroccoliBackgroundVoiceTurn.m */,
				7C4A2D4D5A9E4A6FB6500012 /* MrBroccoliBackgroundVoiceTurn.h */,
				8A5C26011111111111111124 /* MrBroccoliAudioQueueSession.m */,
				8A5C26011111111111111125 /* MrBroccoliAudioQueueCoordinator.m */,
				7C4A2D4D5A9E4A6FB6500003 /* MrBroccoliNativeWaveform.swift */,
				7C4A2D4D5A9E4A6FB6500004 /* MrBroccoliNativeWaveformBridge.m */,
				7C4A2D4D5A9E4A6FB6500005 /* MrBroccoliNativeWaveformView.swift */,
				7C4A2D4D5A9E4A6FB650000B /* Waveform */,
				F11748442D0722820044C1D9 /* MrBroccoli-Bridging-Header.h */,
				BB2F792B24A3F905000567C9 /* Supporting */,
				13B07FB51A68108700A75B9A /* Images.xcassets */,
				13B07FB61A68108700A75B9A /* Info.plist */,
				AA286B85B6C04FC6940260E9 /* SplashScreen.storyboard */,
				64F9FFC99FC7060C97837358 /* PrivacyInfo.xcprivacy */,
				B4A100000000000000000001 /* MrBroccoli.storekit */,
			);
			name = MrBroccoli;
			sourceTree = "<group>";
		};
		2D16E6871FA4F8E400B85C8A /* Frameworks */ = {
			isa = PBXGroup;
			children = (
				ED297162215061F000B7C4FE /* JavaScriptCore.framework */,
				4C2E18CB4910ACB38E443AFE /* libPods-MrBroccoli.a */,
				5ABFFBCBB85A41DCBB9BEF00 /* libPods-MrBroccoliTests.a */,
			);
			name = Frameworks;
			sourceTree = "<group>";
		};
		7C4A2D4D5A9E4A6FB650000B /* Waveform */ = {
			isa = PBXGroup;
			children = (
				7C4A2D4D5A9E4A6FB6500006 /* MrBroccoliWaveformAudioAnalysis.swift */,
				7C4A2D4D5A9E4A6FB6500007 /* MrBroccoliWaveformCoordinator.swift */,
				7C4A2D4D5A9E4A6FB6500008 /* MrBroccoliWaveformInputProcessor.swift */,
				7C4A2D4D5A9E4A6FB6500009 /* MrBroccoliWaveformMath.swift */,
				7C4A2D4D5A9E4A6FB650000A /* MrBroccoliWaveformRendering.swift */,
				7C4A2D4D5A9E4A6FB650000C /* MrBroccoliWaveformFileAnalyzer.swift */,
				7C4A2D4D5A9E4A6FB650000D /* MrBroccoliWaveformRecorder.swift */,
				7C4A2D4D5A9E4A6FB650000E /* MrBroccoliWaveformAudioSession.swift */,
				7C4A2D4D5A9E4A6FB650000F /* MrBroccoliWaveformRollingBuffer.swift */,
				7C4A2D4D5A9E4A6FB6500010 /* MrBroccoliWaveformLevelEmitter.swift */,
				D2A600000000000000000011 /* MrBroccoliWaveformInterruptionPolicy.swift */,
			);
			name = Waveform;
			path = MrBroccoli/Waveform;
			sourceTree = "<group>";
		};
		832341AE1AAA6A7D00B99B32 /* Libraries */ = {
			isa = PBXGroup;
			children = (
			);
			name = Libraries;
			sourceTree = "<group>";
		};
		83CBB9F61A601CBA00E9B192 = {
			isa = PBXGroup;
			children = (
				13B07FAE1A68108700A75B9A /* MrBroccoli */,
				00E356EE1AD99517003FC87E /* MrBroccoliTests */,
				C01A00000000000000000025 /* MrBroccoliLiveActivity */,
				832341AE1AAA6A7D00B99B32 /* Libraries */,
				83CBBA001A601CBA00E9B192 /* Products */,
				2D16E6871FA4F8E400B85C8A /* Frameworks */,
				A17CDE204B39707C267DFBBD /* Pods */,
				C4B40E5C7607AE1B5214969A /* ExpoModulesProviders */,
			);
			indentWidth = 2;
			sourceTree = "<group>";
			tabWidth = 2;
			usesTabs = 0;
		};
		83CBBA001A601CBA00E9B192 /* Products */ = {
			isa = PBXGroup;
			children = (
				13B07F961A680F5B00A75B9A /* MrBroccoli.app */,
				00E356F21AD99517003FC87E /* MrBroccoliTests.xctest */,
				C01A00000000000000000014 /* MrBroccoliLiveActivity.appex */,
			);
			name = Products;
			sourceTree = "<group>";
		};
		A17CDE204B39707C267DFBBD /* Pods */ = {
			isa = PBXGroup;
			children = (
				FBB87714520E96D715066ED1 /* Pods-MrBroccoli.debug.xcconfig */,
				6248A357DF5BC319044A9D16 /* Pods-MrBroccoli.release.xcconfig */,
				6114B1627515AE5148884A6F /* Pods-MrBroccoliTests.debug.xcconfig */,
				CF5165F0FF79A69CD834CE27 /* Pods-MrBroccoliTests.release.xcconfig */,
			);
			path = Pods;
			sourceTree = "<group>";
		};
		BB2F792B24A3F905000567C9 /* Supporting */ = {
			isa = PBXGroup;
			children = (
				BB2F792C24A3F905000567C9 /* Expo.plist */,
			);
			name = Supporting;
			path = MrBroccoli/Supporting;
			sourceTree = "<group>";
		};
		C01A00000000000000000025 /* MrBroccoliLiveActivity */ = {
			isa = PBXGroup;
			children = (
				C01A00000000000000000011 /* MrBroccoliVoiceActivityAttributes.swift */,
				C01A00000000000000000012 /* MrBroccoliVoiceLiveActivity.swift */,
				C01A00000000000000000013 /* Info.plist */,
			);
			path = MrBroccoliLiveActivity;
			sourceTree = "<group>";
		};
		C4B40E5C7607AE1B5214969A /* ExpoModulesProviders */ = {
			isa = PBXGroup;
			children = (
				E8756AED1E8FDE89F8BEA1A0 /* MrBroccoli */,
				E1C441417152D6EEA641954B /* MrBroccoliTests */,
			);
			name = ExpoModulesProviders;
			sourceTree = "<group>";
		};
		E1C441417152D6EEA641954B /* MrBroccoliTests */ = {
			isa = PBXGroup;
			children = (
				1379702F91B4EC563F15F98D /* ExpoModulesProvider.swift */,
			);
			name = MrBroccoliTests;
			sourceTree = "<group>";
		};
		E8756AED1E8FDE89F8BEA1A0 /* MrBroccoli */ = {
			isa = PBXGroup;
			children = (
				C52F9AF8602F178C80F51B50 /* ExpoModulesProvider.swift */,
			);
			name = MrBroccoli;
			sourceTree = "<group>";
		};
/* End PBXGroup section */

/* Begin PBXNativeTarget section */
		00E356ED1AD99517003FC87E /* MrBroccoliTests */ = {
			isa = PBXNativeTarget;
			buildConfigurationList = 00E356F71AD99517003FC87E /* Build configuration list for PBXNativeTarget "MrBroccoliTests" */;
			buildPhases = (
				929CD15E3EF0DDDD7709794E /* [CP] Check Pods Manifest.lock */,
				58E1C880D7632E4006E486AE /* [Expo] Configure project */,
				00E356EA1AD99517003FC87E /* Sources */,
				00E356EB1AD99517003FC87E /* Frameworks */,
				00E356EC1AD99517003FC87E /* Resources */,
			);
			buildRules = (
			);
			dependencies = (
				00E356F41AD99517003FC87E /* PBXTargetDependency */,
			);
			name = MrBroccoliTests;
			productName = MrBroccoliTests;
			productReference = 00E356F21AD99517003FC87E /* MrBroccoliTests.xctest */;
			productType = "com.apple.product-type.bundle.unit-test";
		};
		13B07F861A680F5B00A75B9A /* MrBroccoli */ = {
			isa = PBXNativeTarget;
			buildConfigurationList = 13B07F931A680F5B00A75B9A /* Build configuration list for PBXNativeTarget "MrBroccoli" */;
			buildPhases = (
				08A4A3CD28434E44B6B9DE2E /* [CP] Check Pods Manifest.lock */,
				7C8B944CB1AA684AA07FC0DC /* [Expo] Configure project */,
				13B07F871A680F5B00A75B9A /* Sources */,
				13B07F8C1A680F5B00A75B9A /* Frameworks */,
				13B07F8E1A680F5B00A75B9A /* Resources */,
				C01A00000000000000000024 /* Embed App Extensions */,
				00DD1BFF1BD5951E006B06BC /* Bundle React Native code and images */,
				800E24972A6A228C8D4807E9 /* [CP] Copy Pods Resources */,
				3E0AACBD510B345120B843FC /* [CP] Embed Pods Frameworks */,
				70E44A1DE8F257929AACE6CE /* [Hermes] Generate dSYM */,
			);
			buildRules = (
			);
			dependencies = (
				C01A00000000000000000028 /* PBXTargetDependency */,
			);
			name = MrBroccoli;
			productName = MrBroccoli;
			productReference = 13B07F961A680F5B00A75B9A /* MrBroccoli.app */;
			productType = "com.apple.product-type.application";
		};
		C01A00000000000000000026 /* MrBroccoliLiveActivity */ = {
			isa = PBXNativeTarget;
			buildConfigurationList = C01A00000000000000000033 /* Build configuration list for PBXNativeTarget "MrBroccoliLiveActivity" */;
			buildPhases = (
				C01A00000000000000000022 /* Sources */,
				C01A00000000000000000021 /* Frameworks */,
				C01A00000000000000000023 /* Resources */,
			);
			buildRules = (
			);
			dependencies = (
			);
			name = MrBroccoliLiveActivity;
			productName = MrBroccoliLiveActivity;
			productReference = C01A00000000000000000014 /* MrBroccoliLiveActivity.appex */;
			productType = "com.apple.product-type.app-extension";
		};
/* End PBXNativeTarget section */

/* Begin PBXProject section */
		83CBB9F71A601CBA00E9B192 /* Project object */ = {
			isa = PBXProject;
			attributes = {
				BuildIndependentTargetsInParallel = YES;
				LastUpgradeCheck = 2630;
				TargetAttributes = {
					00E356ED1AD99517003FC87E = {
						CreatedOnToolsVersion = 26.3;
						TestTargetID = 13B07F861A680F5B00A75B9A;
					};
					13B07F861A680F5B00A75B9A = {
						DevelopmentTeam = Y295UCE38G;
						LastSwiftMigration = 1250;
						ProvisioningStyle = Automatic;
						SystemCapabilities = {
							com.apple.InAppPurchase = {
								enabled = 1;
							};
						};
					};
					C01A00000000000000000026 = {
						DevelopmentTeam = Y295UCE38G;
						ProvisioningStyle = Automatic;
					};
				};
			};
			buildConfigurationList = 83CBB9FA1A601CBA00E9B192 /* Build configuration list for PBXProject "MrBroccoli" */;
			compatibilityVersion = "Xcode 3.2";
			developmentRegion = en;
			hasScannedForEncodings = 0;
			knownRegions = (
				en,
				Base,
			);
			mainGroup = 83CBB9F61A601CBA00E9B192;
			productRefGroup = 83CBBA001A601CBA00E9B192 /* Products */;
			projectDirPath = "";
			projectRoot = "";
			targets = (
				13B07F861A680F5B00A75B9A /* MrBroccoli */,
				00E356ED1AD99517003FC87E /* MrBroccoliTests */,
				C01A00000000000000000026 /* MrBroccoliLiveActivity */,
			);
		};
/* End PBXProject section */

/* Begin PBXResourcesBuildPhase section */
		00E356EC1AD99517003FC87E /* Resources */ = {
			isa = PBXResourcesBuildPhase;
			buildActionMask = 2147483647;
			files = (
			);
			runOnlyForDeploymentPostprocessing = 0;
		};
		13B07F8E1A680F5B00A75B9A /* Resources */ = {
			isa = PBXResourcesBuildPhase;
			buildActionMask = 2147483647;
			files = (
				BB2F792D24A3F905000567C9 /* Expo.plist in Resources */,
				13B07FBF1A68108700A75B9A /* Images.xcassets in Resources */,
				3E461D99554A48A4959DE609 /* SplashScreen.storyboard in Resources */,
				5537CA547A095C86D2D27B28 /* PrivacyInfo.xcprivacy in Resources */,
			);
			runOnlyForDeploymentPostprocessing = 0;
		};
		C01A00000000000000000023 /* Resources */ = {
			isa = PBXResourcesBuildPhase;
			buildActionMask = 2147483647;
			files = (
			);
			runOnlyForDeploymentPostprocessing = 0;
		};
/* End PBXResourcesBuildPhase section */

/* Begin PBXShellScriptBuildPhase section */
		00DD1BFF1BD5951E006B06BC /* Bundle React Native code and images */ = {
			isa = PBXShellScriptBuildPhase;
			alwaysOutOfDate = 1;
			buildActionMask = 2147483647;
			files = (
			);
			inputPaths = (
				"$(SRCROOT)/.xcode.env",
				"$(SRCROOT)/.xcode.env.local",
			);
			name = "Bundle React Native code and images";
			outputPaths = (
			);
			runOnlyForDeploymentPostprocessing = 0;
			shellPath = /bin/sh;
			shellScript = "if [[ -f \"$PODS_ROOT/../.xcode.env\" ]]; then\n  source \"$PODS_ROOT/../.xcode.env\"\nfi\nif [[ -f \"$PODS_ROOT/../.xcode.env.local\" ]]; then\n  source \"$PODS_ROOT/../.xcode.env.local\"\nfi\n\n# The project root by default is one level up from the ios directory\nexport PROJECT_ROOT=\"$PROJECT_DIR\"/..\n\n# Hermes can retain a stale absolute compiler path in generated Pods xcconfigs\n# when the repo directory is moved or renamed. Always resolve it from the\n# current checkout before invoking react-native-xcode.sh.\nexport HERMES_CLI_PATH=\"$PROJECT_ROOT/node_modules/hermes-compiler/hermesc/osx-bin/hermesc\"\n\nif [[ \"$CONFIGURATION\" = *Debug* ]]; then\n  export SKIP_BUNDLING=1\nfi\nif [[ -z \"$ENTRY_FILE\" ]]; then\n  # Set the entry JS file using the bundler's entry resolution.\n  export ENTRY_FILE=\"$(\"$NODE_BINARY\" -e \"require('expo/scripts/resolveAppEntry')\" \"$PROJECT_ROOT\" ios absolute | tail -n 1)\"\nfi\n\nif [[ -z \"$CLI_PATH\" ]]; then\n  # Use Expo CLI\n  export CLI_PATH=\"$(\"$NODE_BINARY\" --print \"require.resolve('@expo/cli', { paths: [require.resolve('expo/package.json')] })\")\"\nfi\nif [[ -z \"$BUNDLE_COMMAND\" ]]; then\n  # Default Expo CLI command for bundling\n  export BUNDLE_COMMAND=\"export:embed\"\nfi\n\n# Source .xcode.env.updates if it exists to allow\n# SKIP_BUNDLING to be unset if needed\nif [[ -f \"$PODS_ROOT/../.xcode.env.updates\" ]]; then\n  source \"$PODS_ROOT/../.xcode.env.updates\"\nfi\n# Source local changes to allow overrides\n# if needed\nif [[ -f \"$PODS_ROOT/../.xcode.env.local\" ]]; then\n  source \"$PODS_ROOT/../.xcode.env.local\"\nfi\n\n`\"$NODE_BINARY\" --print \"require('path').dirname(require.resolve('react-native/package.json')) + '/scripts/react-native-xcode.sh'\"`\n\n";
		};
		08A4A3CD28434E44B6B9DE2E /* [CP] Check Pods Manifest.lock */ = {
			isa = PBXShellScriptBuildPhase;
			buildActionMask = 2147483647;
			files = (
			);
			inputFileListPaths = (
			);
			inputPaths = (
				"${PODS_PODFILE_DIR_PATH}/Podfile.lock",
				"${PODS_ROOT}/Manifest.lock",
			);
			name = "[CP] Check Pods Manifest.lock";
			outputFileListPaths = (
			);
			outputPaths = (
				"$(DERIVED_FILE_DIR)/Pods-MrBroccoli-checkManifestLockResult.txt",
			);
			runOnlyForDeploymentPostprocessing = 0;
			shellPath = /bin/sh;
			shellScript = "diff \"${PODS_PODFILE_DIR_PATH}/Podfile.lock\" \"${PODS_ROOT}/Manifest.lock\" > /dev/null\nif [ $? != 0 ] ; then\n    # print error to STDERR\n    echo \"error: The sandbox is not in sync with the Podfile.lock. Run 'pod install' or update your CocoaPods installation.\" >&2\n    exit 1\nfi\n# This output is used by Xcode 'outputs' to avoid re-running this script phase.\necho \"SUCCESS\" > \"${SCRIPT_OUTPUT_FILE_0}\"\n";
			showEnvVarsInLog = 0;
		};
		3E0AACBD510B345120B843FC /* [CP] Embed Pods Frameworks */ = {
			isa = PBXShellScriptBuildPhase;
			buildActionMask = 2147483647;
			files = (
			);
			inputPaths = (
				"${PODS_ROOT}/Target Support Files/Pods-MrBroccoli/Pods-MrBroccoli-frameworks.sh",
				"${PODS_XCFRAMEWORKS_BUILD_DIR}/ExpoModulesJSI/ExpoModulesJSI.framework/ExpoModulesJSI",
				"${PODS_XCFRAMEWORKS_BUILD_DIR}/hermes-engine/Pre-built/hermesvm.framework/hermesvm",
				"${PODS_XCFRAMEWORKS_BUILD_DIR}/llama-rn/rnllama.framework/rnllama",
			);
			name = "[CP] Embed Pods Frameworks";
			outputPaths = (
				"${TARGET_BUILD_DIR}/${FRAMEWORKS_FOLDER_PATH}/ExpoModulesJSI.framework",
				"${TARGET_BUILD_DIR}/${FRAMEWORKS_FOLDER_PATH}/hermesvm.framework",
				"${TARGET_BUILD_DIR}/${FRAMEWORKS_FOLDER_PATH}/rnllama.framework",
			);
			runOnlyForDeploymentPostprocessing = 0;
			shellPath = /bin/sh;
			shellScript = "\"${PODS_ROOT}/Target Support Files/Pods-MrBroccoli/Pods-MrBroccoli-frameworks.sh\"\n";
			showEnvVarsInLog = 0;
		};
		58E1C880D7632E4006E486AE /* [Expo] Configure project */ = {
			isa = PBXShellScriptBuildPhase;
			alwaysOutOfDate = 1;
			buildActionMask = 2147483647;
			files = (
			);
			inputFileListPaths = (
			);
			inputPaths = (
				"$(SRCROOT)/.xcode.env",
				"$(SRCROOT)/.xcode.env.local",
				"$(SRCROOT)/Pods/Target Support Files/Pods-MrBroccoliTests/expo-configure-project.sh",
			);
			name = "[Expo] Configure project";
			outputFileListPaths = (
			);
			outputPaths = (
				"$(SRCROOT)/Pods/Target Support Files/Pods-MrBroccoliTests/ExpoModulesProvider.swift",
			);
			runOnlyForDeploymentPostprocessing = 0;
			shellPath = /bin/sh;
			shellScript = "# This script configures Expo modules and generates the modules provider file.\nbash -l -c \"./Pods/Target\\ Support\\ Files/Pods-MrBroccoliTests/expo-configure-project.sh\"\n";
		};
		70E44A1DE8F257929AACE6CE /* [Hermes] Generate dSYM */ = {
			isa = PBXShellScriptBuildPhase;
			buildActionMask = 2147483647;
			files = (
			);
			inputFileListPaths = (
			);
			inputPaths = (
				"${TARGET_BUILD_DIR}/${FRAMEWORKS_FOLDER_PATH}/hermesvm.framework/hermesvm",
			);
			name = "[Hermes] Generate dSYM";
			outputFileListPaths = (
			);
			outputPaths = (
				"${DWARF_DSYM_FOLDER_PATH}/hermesvm.framework.dSYM",
			);
			runOnlyForDeploymentPostprocessing = 0;
			shellPath = /bin/sh;
			shellScript = "HERMES_BINARY_PATH=\"${TARGET_BUILD_DIR}/${FRAMEWORKS_FOLDER_PATH}/hermesvm.framework/hermesvm\"\nHERMES_DSYM_PATH=\"${DWARF_DSYM_FOLDER_PATH}/hermesvm.framework.dSYM\"\n\nif [ ! -f \"$HERMES_BINARY_PATH\" ]; then\n  echo \"warning: Hermes framework binary not found at $HERMES_BINARY_PATH\"\n  exit 0\nfi\n\nrm -rf \"$HERMES_DSYM_PATH\"\nif ! xcrun dsymutil \"$HERMES_BINARY_PATH\" -o \"$HERMES_DSYM_PATH\"; then\n  echo \"warning: Failed to generate Hermes dSYM from $HERMES_BINARY_PATH\"\n  exit 0\nfi\n\nif [ -n \"${ARCHIVE_DSYMS_PATH:-}\" ]; then\n  mkdir -p \"$ARCHIVE_DSYMS_PATH\"\n  rsync -a --delete \"$HERMES_DSYM_PATH\" \"$ARCHIVE_DSYMS_PATH\"\nfi\n";
		};
		7C8B944CB1AA684AA07FC0DC /* [Expo] Configure project */ = {
			isa = PBXShellScriptBuildPhase;
			alwaysOutOfDate = 1;
			buildActionMask = 2147483647;
			files = (
			);
			inputFileListPaths = (
			);
			inputPaths = (
				"$(SRCROOT)/.xcode.env",
				"$(SRCROOT)/.xcode.env.local",
				"$(SRCROOT)/MrBroccoli/MrBroccoli.entitlements",
				"$(SRCROOT)/Pods/Target Support Files/Pods-MrBroccoli/expo-configure-project.sh",
			);
			name = "[Expo] Configure project";
			outputFileListPaths = (
			);
			outputPaths = (
				"$(SRCROOT)/Pods/Target Support Files/Pods-MrBroccoli/ExpoModulesProvider.swift",
			);
			runOnlyForDeploymentPostprocessing = 0;
			shellPath = /bin/sh;
			shellScript = "# This script configures Expo modules and generates the modules provider file.\nbash -l -c \"./Pods/Target\\ Support\\ Files/Pods-MrBroccoli/expo-configure-project.sh\"\n";
		};
		800E24972A6A228C8D4807E9 /* [CP] Copy Pods Resources */ = {
			isa = PBXShellScriptBuildPhase;
			buildActionMask = 2147483647;
			files = (
			);
			inputPaths = (
				"${PODS_ROOT}/Target Support Files/Pods-MrBroccoli/Pods-MrBroccoli-resources.sh",
				"${PODS_CONFIGURATION_BUILD_DIR}/EXConstants/EXConstants.bundle",
				"${PODS_CONFIGURATION_BUILD_DIR}/EXConstants/ExpoConstants_privacy.bundle",
				"${PODS_CONFIGURATION_BUILD_DIR}/ExpoFileSystem/ExpoFileSystem_privacy.bundle",
				"${PODS_CONFIGURATION_BUILD_DIR}/MMKV/MMKV_Privacy.bundle",
				"${PODS_CONFIGURATION_BUILD_DIR}/RCT-Folly/RCT-Folly_privacy.bundle",
				"${PODS_CONFIGURATION_BUILD_DIR}/RNCAsyncStorage/RNCAsyncStorage_resources.bundle",
				"${PODS_CONFIGURATION_BUILD_DIR}/RNSVG/RNSVGFilters.bundle",
				"${PODS_CONFIGURATION_BUILD_DIR}/React-Core/React-Core_privacy.bundle",
				"${PODS_CONFIGURATION_BUILD_DIR}/React-cxxreact/React-cxxreact_privacy.bundle",
				"${PODS_CONFIGURATION_BUILD_DIR}/React-timing/React-timing_privacy.bundle",
				"${PODS_CONFIGURATION_BUILD_DIR}/ReactNativeFs/RNFS_PrivacyInfo.bundle",
				"${PODS_CONFIGURATION_BUILD_DIR}/SDWebImage/SDWebImage.bundle",
				"${PODS_CONFIGURATION_BUILD_DIR}/SherpaOnnx/SherpaOnnxResources.bundle",
				"${PODS_CONFIGURATION_BUILD_DIR}/boost/boost_privacy.bundle",
				"${PODS_CONFIGURATION_BUILD_DIR}/glog/glog_privacy.bundle",
				"${PODS_ROOT}/openiap/openiap-versions.json",
			);
			name = "[CP] Copy Pods Resources";
			outputPaths = (
				"${TARGET_BUILD_DIR}/${UNLOCALIZED_RESOURCES_FOLDER_PATH}/EXConstants.bundle",
				"${TARGET_BUILD_DIR}/${UNLOCALIZED_RESOURCES_FOLDER_PATH}/ExpoConstants_privacy.bundle",
				"${TARGET_BUILD_DIR}/${UNLOCALIZED_RESOURCES_FOLDER_PATH}/ExpoFileSystem_privacy.bundle",
				"${TARGET_BUILD_DIR}/${UNLOCALIZED_RESOURCES_FOLDER_PATH}/MMKV_Privacy.bundle",
				"${TARGET_BUILD_DIR}/${UNLOCALIZED_RESOURCES_FOLDER_PATH}/RCT-Folly_privacy.bundle",
				"${TARGET_BUILD_DIR}/${UNLOCALIZED_RESOURCES_FOLDER_PATH}/RNCAsyncStorage_resources.bundle",
				"${TARGET_BUILD_DIR}/${UNLOCALIZED_RESOURCES_FOLDER_PATH}/RNSVGFilters.bundle",
				"${TARGET_BUILD_DIR}/${UNLOCALIZED_RESOURCES_FOLDER_PATH}/React-Core_privacy.bundle",
				"${TARGET_BUILD_DIR}/${UNLOCALIZED_RESOURCES_FOLDER_PATH}/React-cxxreact_privacy.bundle",
				"${TARGET_BUILD_DIR}/${UNLOCALIZED_RESOURCES_FOLDER_PATH}/React-timing_privacy.bundle",
				"${TARGET_BUILD_DIR}/${UNLOCALIZED_RESOURCES_FOLDER_PATH}/RNFS_PrivacyInfo.bundle",
				"${TARGET_BUILD_DIR}/${UNLOCALIZED_RESOURCES_FOLDER_PATH}/SDWebImage.bundle",
				"${TARGET_BUILD_DIR}/${UNLOCALIZED_RESOURCES_FOLDER_PATH}/SherpaOnnxResources.bundle",
				"${TARGET_BUILD_DIR}/${UNLOCALIZED_RESOURCES_FOLDER_PATH}/boost_privacy.bundle",
				"${TARGET_BUILD_DIR}/${UNLOCALIZED_RESOURCES_FOLDER_PATH}/glog_privacy.bundle",
				"${TARGET_BUILD_DIR}/${UNLOCALIZED_RESOURCES_FOLDER_PATH}/openiap-versions.json",
			);
			runOnlyForDeploymentPostprocessing = 0;
			shellPath = /bin/sh;
			shellScript = "\"${PODS_ROOT}/Target Support Files/Pods-MrBroccoli/Pods-MrBroccoli-resources.sh\"\n";
			showEnvVarsInLog = 0;
		};
		929CD15E3EF0DDDD7709794E /* [CP] Check Pods Manifest.lock */ = {
			isa = PBXShellScriptBuildPhase;
			buildActionMask = 2147483647;
			files = (
			);
			inputFileListPaths = (
			);
			inputPaths = (
				"${PODS_PODFILE_DIR_PATH}/Podfile.lock",
				"${PODS_ROOT}/Manifest.lock",
			);
			name = "[CP] Check Pods Manifest.lock";
			outputFileListPaths = (
			);
			outputPaths = (
				"$(DERIVED_FILE_DIR)/Pods-MrBroccoliTests-checkManifestLockResult.txt",
			);
			runOnlyForDeploymentPostprocessing = 0;
			shellPath = /bin/sh;
			shellScript = "diff \"${PODS_PODFILE_DIR_PATH}/Podfile.lock\" \"${PODS_ROOT}/Manifest.lock\" > /dev/null\nif [ $? != 0 ] ; then\n    # print error to STDERR\n    echo \"error: The sandbox is not in sync with the Podfile.lock. Run 'pod install' or update your CocoaPods installation.\" >&2\n    exit 1\nfi\n# This output is used by Xcode 'outputs' to avoid re-running this script phase.\necho \"SUCCESS\" > \"${SCRIPT_OUTPUT_FILE_0}\"\n";
			showEnvVarsInLog = 0;
		};
/* End PBXShellScriptBuildPhase section */

/* Begin PBXSourcesBuildPhase section */
		00E356EA1AD99517003FC87E /* Sources */ = {
			isa = PBXSourcesBuildPhase;
			buildActionMask = 2147483647;
			files = (
				00E356F01AD99517003FC87E /* MrBroccoliNativeLifecycleTests.swift in Sources */,
				7B76EF5C5EE3F29D132AEF6B /* ExpoModulesProvider.swift in Sources */,
			);
			runOnlyForDeploymentPostprocessing = 0;
		};
		13B07F871A680F5B00A75B9A /* Sources */ = {
			isa = PBXSourcesBuildPhase;
			buildActionMask = 2147483647;
			files = (
				F11748422D0307B40044C1D9 /* AppDelegate.swift in Sources */,
				D1A600000000000000000001 /* MrBroccoliDiagnostics.swift in Sources */,
				D1A600000000000000000002 /* MrBroccoliDiagnosticsBridge.m in Sources */,
				E1B700000000000000000001 /* MrBroccoliBackupCrypto.m in Sources */,
				E1B700000000000000000002 /* MrBroccoliArchiveDirectory.m in Sources */,
				C01A00000000000000000004 /* MrBroccoliVoiceActivityAttributes.swift in Sources */,
				C01A00000000000000000005 /* MrBroccoliVoiceLiveActivity.swift in Sources */,
				C01A00000000000000000006 /* MrBroccoliVoiceLiveActivityBridge.m in Sources */,
				8A5C26011111111111111114 /* MrBroccoliAudioQueueSession.m in Sources */,
				8A5C26011111111111111115 /* MrBroccoliAudioQueueCoordinator.m in Sources */,
				7C4A2D4D5A9E4A6FB6500101 /* MrBroccoliNativeAudioQueue.m in Sources */,
				7C4A2D4D5A9E4A6FB6500110 /* MrBroccoliBackgroundVoiceTurn.m in Sources */,
				7C4A2D4D5A9E4A6FB6500103 /* MrBroccoliNativeWaveform.swift in Sources */,
				7C4A2D4D5A9E4A6FB6500104 /* MrBroccoliNativeWaveformBridge.m in Sources */,
				7C4A2D4D5A9E4A6FB6500105 /* MrBroccoliNativeWaveformView.swift in Sources */,
				7C4A2D4D5A9E4A6FB6500106 /* MrBroccoliWaveformAudioAnalysis.swift in Sources */,
				7C4A2D4D5A9E4A6FB6500107 /* MrBroccoliWaveformCoordinator.swift in Sources */,
				7C4A2D4D5A9E4A6FB6500108 /* MrBroccoliWaveformInputProcessor.swift in Sources */,
				7C4A2D4D5A9E4A6FB6500109 /* MrBroccoliWaveformMath.swift in Sources */,
				7C4A2D4D5A9E4A6FB650010A /* MrBroccoliWaveformRendering.swift in Sources */,
				7C4A2D4D5A9E4A6FB650010B /* MrBroccoliWaveformFileAnalyzer.swift in Sources */,
				7C4A2D4D5A9E4A6FB650010C /* MrBroccoliWaveformRecorder.swift in Sources */,
				7C4A2D4D5A9E4A6FB650010D /* MrBroccoliWaveformAudioSession.swift in Sources */,
				7C4A2D4D5A9E4A6FB650010E /* MrBroccoliWaveformRollingBuffer.swift in Sources */,
				7C4A2D4D5A9E4A6FB650010F /* MrBroccoliWaveformLevelEmitter.swift in Sources */,
				D2A600000000000000000001 /* MrBroccoliWaveformInterruptionPolicy.swift in Sources */,
				6BBAA95B51D3F6322E30BD0D /* ExpoModulesProvider.swift in Sources */,
			);
			runOnlyForDeploymentPostprocessing = 0;
		};
		C01A00000000000000000022 /* Sources */ = {
			isa = PBXSourcesBuildPhase;
			buildActionMask = 2147483647;
			files = (
				C01A00000000000000000001 /* MrBroccoliVoiceActivityAttributes.swift in Sources */,
				C01A00000000000000000002 /* MrBroccoliVoiceLiveActivity.swift in Sources */,
			);
			runOnlyForDeploymentPostprocessing = 0;
		};
/* End PBXSourcesBuildPhase section */

/* Begin PBXTargetDependency section */
		00E356F41AD99517003FC87E /* PBXTargetDependency */ = {
			isa = PBXTargetDependency;
			target = 13B07F861A680F5B00A75B9A /* MrBroccoli */;
			targetProxy = 00E356F31AD99517003FC87E /* PBXContainerItemProxy */;
		};
		C01A00000000000000000028 /* PBXTargetDependency */ = {
			isa = PBXTargetDependency;
			target = C01A00000000000000000026 /* MrBroccoliLiveActivity */;
			targetProxy = C01A00000000000000000027 /* PBXContainerItemProxy */;
		};
/* End PBXTargetDependency section */

/* Begin XCBuildConfiguration section */
		00E356F51AD99517003FC87E /* Debug */ = {
			isa = XCBuildConfiguration;
			baseConfigurationReference = 6114B1627515AE5148884A6F /* Pods-MrBroccoliTests.debug.xcconfig */;
			buildSettings = {
				BUNDLE_LOADER = "$(TEST_HOST)";
				CLANG_ENABLE_EXPLICIT_MODULES = NO;
				CLANG_ENABLE_MODULES = YES;
				CODE_SIGN_STYLE = Automatic;
				DEVELOPMENT_TEAM = Y295UCE38G;
				ENABLE_USER_SCRIPT_SANDBOXING = NO;
				GCC_PREPROCESSOR_DEFINITIONS = (
					"$(inherited)",
					"FMT_USE_CONSTEVAL=0",
				);
				GENERATE_INFOPLIST_FILE = YES;
				IPHONEOS_DEPLOYMENT_TARGET = 16.4;
				LD_RUNPATH_SEARCH_PATHS = (
					"$(inherited)",
					"@executable_path/Frameworks",
					"@loader_path/Frameworks",
				);
				OTHER_SWIFT_FLAGS = "$(inherited) -D EXPO_CONFIGURATION_DEBUG";
				PRODUCT_BUNDLE_IDENTIFIER = com.tobiaswinkler.app.mrbroccoli.dev.tests;
				PRODUCT_NAME = "$(TARGET_NAME)";
				SDKROOT = iphoneos;
				SWIFT_ACTIVE_COMPILATION_CONDITIONS = "$(inherited) DEBUG";
				SWIFT_ENABLE_EXPLICIT_MODULES = NO;
				SWIFT_OPTIMIZATION_LEVEL = "-Onone";
				SWIFT_VERSION = 5.0;
				TARGETED_DEVICE_FAMILY = 1;
				TEST_HOST = "$(BUILT_PRODUCTS_DIR)/MrBroccoli.app/MrBroccoli";
			};
			name = Debug;
		};
		00E356F61AD99517003FC87E /* Release */ = {
			isa = XCBuildConfiguration;
			baseConfigurationReference = CF5165F0FF79A69CD834CE27 /* Pods-MrBroccoliTests.release.xcconfig */;
			buildSettings = {
				BUNDLE_LOADER = "$(TEST_HOST)";
				CLANG_ENABLE_EXPLICIT_MODULES = NO;
				CLANG_ENABLE_MODULES = YES;
				CODE_SIGN_STYLE = Automatic;
				DEVELOPMENT_TEAM = Y295UCE38G;
				ENABLE_USER_SCRIPT_SANDBOXING = NO;
				GCC_PREPROCESSOR_DEFINITIONS = (
					"$(inherited)",
					"FMT_USE_CONSTEVAL=0",
				);
				GENERATE_INFOPLIST_FILE = YES;
				IPHONEOS_DEPLOYMENT_TARGET = 16.4;
				LD_RUNPATH_SEARCH_PATHS = (
					"$(inherited)",
					"@executable_path/Frameworks",
					"@loader_path/Frameworks",
				);
				OTHER_SWIFT_FLAGS = "$(inherited) -D EXPO_CONFIGURATION_RELEASE";
				PRODUCT_BUNDLE_IDENTIFIER = com.tobiaswinkler.app.mrbroccoli.tests;
				PRODUCT_NAME = "$(TARGET_NAME)";
				SDKROOT = iphoneos;
				SWIFT_ENABLE_EXPLICIT_MODULES = NO;
				SWIFT_VERSION = 5.0;
				TARGETED_DEVICE_FAMILY = 1;
				TEST_HOST = "$(BUILT_PRODUCTS_DIR)/MrBroccoli.app/MrBroccoli";
			};
			name = Release;
		};
		13B07F941A680F5B00A75B9A /* Debug */ = {
			isa = XCBuildConfiguration;
			baseConfigurationReference = FBB87714520E96D715066ED1 /* Pods-MrBroccoli.debug.xcconfig */;
			buildSettings = {
				APP_DISPLAY_NAME = "Mr Broccoli Dev";
				ASSETCATALOG_COMPILER_APPICON_NAME = AppIconDev;
				CLANG_ENABLE_EXPLICIT_MODULES = NO;
				CLANG_ENABLE_MODULES = YES;
				CODE_SIGN_ENTITLEMENTS = MrBroccoli/MrBroccoli.entitlements;
				CODE_SIGN_IDENTITY = "Apple Development";
				CODE_SIGN_STYLE = Automatic;
				CURRENT_PROJECT_VERSION = 17;
				DEVELOPMENT_TEAM = Y295UCE38G;
				ENABLE_BITCODE = NO;
				ENABLE_USER_SCRIPT_SANDBOXING = NO;
				GCC_PREPROCESSOR_DEFINITIONS = (
					"$(inherited)",
					"FB_SONARKIT_ENABLED=1",
					"FMT_USE_CONSTEVAL=0",
				);
				HEADER_SEARCH_PATHS = "$(inherited)";
				INFOPLIST_FILE = MrBroccoli/Info.plist;
				INFOPLIST_KEY_CFBundleDisplayName = "$(APP_DISPLAY_NAME)";
				INFOPLIST_KEY_LSApplicationCategoryType = "public.app-category.productivity";
				IPHONEOS_DEPLOYMENT_TARGET = 16.4;
				LD_RUNPATH_SEARCH_PATHS = (
					"$(inherited)",
					"@executable_path/Frameworks",
				);
				MARKETING_VERSION = 3.1.0;
				OTHER_LDFLAGS = (
					"$(inherited)",
					"-ObjC",
					"-lc++",
				);
				OTHER_SWIFT_FLAGS = "$(inherited) -D EXPO_CONFIGURATION_DEBUG";
				PRODUCT_BUNDLE_IDENTIFIER = com.tobiaswinkler.app.mrbroccoli.dev;
				PRODUCT_NAME = MrBroccoli;
				SUPPORTED_PLATFORMS = "iphoneos iphonesimulator";
				SUPPORTS_MACCATALYST = NO;
				SUPPORTS_MAC_DESIGNED_FOR_IPHONE_IPAD = NO;
				SUPPORTS_XR_DESIGNED_FOR_IPHONE_IPAD = NO;
				SWIFT_ENABLE_EXPLICIT_MODULES = NO;
				SWIFT_OBJC_BRIDGING_HEADER = "MrBroccoli/MrBroccoli-Bridging-Header.h";
				SWIFT_OPTIMIZATION_LEVEL = "-Onone";
				SWIFT_VERSION = 5.0;
				TARGETED_DEVICE_FAMILY = 1;
				VERSIONING_SYSTEM = "apple-generic";
			};
			name = Debug;
		};
		13B07F951A680F5B00A75B9A /* Release */ = {
			isa = XCBuildConfiguration;
			baseConfigurationReference = 6248A357DF5BC319044A9D16 /* Pods-MrBroccoli.release.xcconfig */;
			buildSettings = {
				APP_DISPLAY_NAME = "Mr Broccoli$(MR_BROCCOLI_LOCAL_DISPLAY_SUFFIX)";
				ASSETCATALOG_COMPILER_APPICON_NAME = "$(MR_BROCCOLI_LOCAL_APP_ICON)";
				CLANG_ENABLE_EXPLICIT_MODULES = NO;
				CLANG_ENABLE_MODULES = YES;
				CODE_SIGN_ENTITLEMENTS = MrBroccoli/MrBroccoli.entitlements;
				CODE_SIGN_IDENTITY = "Apple Development";
				CODE_SIGN_STYLE = Automatic;
				CURRENT_PROJECT_VERSION = 17;
				DEVELOPMENT_TEAM = Y295UCE38G;
				ENABLE_USER_SCRIPT_SANDBOXING = NO;
				GCC_PREPROCESSOR_DEFINITIONS = (
					"$(inherited)",
					"FMT_USE_CONSTEVAL=0",
				);
				HEADER_SEARCH_PATHS = "$(inherited)";
				INFOPLIST_FILE = MrBroccoli/Info.plist;
				INFOPLIST_KEY_CFBundleDisplayName = "$(APP_DISPLAY_NAME)";
				INFOPLIST_KEY_LSApplicationCategoryType = "public.app-category.productivity";
				IPHONEOS_DEPLOYMENT_TARGET = 16.4;
				LD_RUNPATH_SEARCH_PATHS = (
					"$(inherited)",
					"@executable_path/Frameworks",
				);
				MARKETING_VERSION = 3.1.0;
				OTHER_LDFLAGS = (
					"$(inherited)",
					"-ObjC",
					"-lc++",
				);
				OTHER_SWIFT_FLAGS = "$(inherited) -D EXPO_CONFIGURATION_RELEASE";
				PRODUCT_BUNDLE_IDENTIFIER = "com.tobiaswinkler.app.mrbroccoli$(MR_BROCCOLI_LOCAL_BUNDLE_SUFFIX)";
				PRODUCT_NAME = MrBroccoli;
				SUPPORTED_PLATFORMS = "iphoneos iphonesimulator";
				SUPPORTS_MACCATALYST = NO;
				SUPPORTS_MAC_DESIGNED_FOR_IPHONE_IPAD = NO;
				SUPPORTS_XR_DESIGNED_FOR_IPHONE_IPAD = NO;
				SWIFT_ENABLE_EXPLICIT_MODULES = NO;
				SWIFT_OBJC_BRIDGING_HEADER = "MrBroccoli/MrBroccoli-Bridging-Header.h";
				SWIFT_VERSION = 5.0;
				TARGETED_DEVICE_FAMILY = 1;
				VERSIONING_SYSTEM = "apple-generic";
			};
			name = Release;
		};
		83CBBA201A601CBA00E9B192 /* Debug */ = {
			isa = XCBuildConfiguration;
			buildSettings = {
				ALWAYS_SEARCH_USER_PATHS = NO;
				CLANG_ANALYZER_LOCALIZABILITY_NONLOCALIZED = YES;
				CLANG_CXX_LANGUAGE_STANDARD = "c++20";
				CLANG_CXX_LIBRARY = "libc++";
				CLANG_ENABLE_MODULES = YES;
				CLANG_ENABLE_OBJC_ARC = YES;
				CLANG_WARN_BLOCK_CAPTURE_AUTORELEASING = YES;
				CLANG_WARN_BOOL_CONVERSION = YES;
				CLANG_WARN_COMMA = YES;
				CLANG_WARN_CONSTANT_CONVERSION = YES;
				CLANG_WARN_DEPRECATED_OBJC_IMPLEMENTATIONS = YES;
				CLANG_WARN_DIRECT_OBJC_ISA_USAGE = YES_ERROR;
				CLANG_WARN_EMPTY_BODY = YES;
				CLANG_WARN_ENUM_CONVERSION = YES;
				CLANG_WARN_INFINITE_RECURSION = YES;
				CLANG_WARN_INT_CONVERSION = YES;
				CLANG_WARN_NON_LITERAL_NULL_CONVERSION = YES;
				CLANG_WARN_OBJC_IMPLICIT_RETAIN_SELF = YES;
				CLANG_WARN_OBJC_LITERAL_CONVERSION = YES;
				CLANG_WARN_OBJC_ROOT_CLASS = YES_ERROR;
				CLANG_WARN_QUOTED_INCLUDE_IN_FRAMEWORK_HEADER = YES;
				CLANG_WARN_RANGE_LOOP_ANALYSIS = YES;
				CLANG_WARN_STRICT_PROTOTYPES = YES;
				CLANG_WARN_SUSPICIOUS_MOVE = YES;
				CLANG_WARN_UNREACHABLE_CODE = YES;
				CLANG_WARN__DUPLICATE_METHOD_MATCH = YES;
				"CODE_SIGN_IDENTITY[sdk=iphoneos*]" = "iPhone Developer";
				COPY_PHASE_STRIP = NO;
				DEVELOPMENT_TEAM = Y295UCE38G;
				ENABLE_STRICT_OBJC_MSGSEND = YES;
				ENABLE_TESTABILITY = YES;
				ENABLE_USER_SCRIPT_SANDBOXING = YES;
				GCC_C_LANGUAGE_STANDARD = gnu99;
				GCC_DYNAMIC_NO_PIC = NO;
				GCC_NO_COMMON_BLOCKS = YES;
				GCC_OPTIMIZATION_LEVEL = 0;
				GCC_PREPROCESSOR_DEFINITIONS = (
					"DEBUG=1",
					"$(inherited)",
				);
				GCC_SYMBOLS_PRIVATE_EXTERN = NO;
				GCC_WARN_64_TO_32_BIT_CONVERSION = YES;
				GCC_WARN_ABOUT_RETURN_TYPE = YES_ERROR;
				GCC_WARN_UNDECLARED_SELECTOR = YES;
				GCC_WARN_UNINITIALIZED_AUTOS = YES_AGGRESSIVE;
				GCC_WARN_UNUSED_FUNCTION = YES;
				GCC_WARN_UNUSED_VARIABLE = YES;
				IPHONEOS_DEPLOYMENT_TARGET = 16.4;
				LD_RUNPATH_SEARCH_PATHS = (
					/usr/lib/swift,
					"$(inherited)",
				);
				LIBRARY_SEARCH_PATHS = "$(SDKROOT)/usr/lib/swift\"$(inherited)\"";
				MTL_ENABLE_DEBUG_INFO = YES;
				ONLY_ACTIVE_ARCH = YES;
				OTHER_CFLAGS = (
					"$(inherited)",
					"-DRCT_REMOVE_LEGACY_ARCH=1",
				);
				OTHER_CPLUSPLUSFLAGS = (
					"$(inherited)",
					"-DRCT_REMOVE_LEGACY_ARCH=1",
				);
				PODFILE_DIR = "$(SRCROOT)";
				REACT_NATIVE_PATH = "${PODS_ROOT}/../../node_modules/react-native";
				SDKROOT = iphoneos;
				STRING_CATALOG_GENERATE_SYMBOLS = YES;
				SWIFT_ACTIVE_COMPILATION_CONDITIONS = "$(inherited) DEBUG";
				SWIFT_ENABLE_EXPLICIT_MODULES = NO;
				USE_HERMES = true;
			};
			name = Debug;
		};
		83CBBA211A601CBA00E9B192 /* Release */ = {
			isa = XCBuildConfiguration;
			buildSettings = {
				ALWAYS_SEARCH_USER_PATHS = NO;
				CLANG_ANALYZER_LOCALIZABILITY_NONLOCALIZED = YES;
				CLANG_CXX_LANGUAGE_STANDARD = "c++20";
				CLANG_CXX_LIBRARY = "libc++";
				CLANG_ENABLE_MODULES = YES;
				CLANG_ENABLE_OBJC_ARC = YES;
				CLANG_WARN_BLOCK_CAPTURE_AUTORELEASING = YES;
				CLANG_WARN_BOOL_CONVERSION = YES;
				CLANG_WARN_COMMA = YES;
				CLANG_WARN_CONSTANT_CONVERSION = YES;
				CLANG_WARN_DEPRECATED_OBJC_IMPLEMENTATIONS = YES;
				CLANG_WARN_DIRECT_OBJC_ISA_USAGE = YES_ERROR;
				CLANG_WARN_EMPTY_BODY = YES;
				CLANG_WARN_ENUM_CONVERSION = YES;
				CLANG_WARN_INFINITE_RECURSION = YES;
				CLANG_WARN_INT_CONVERSION = YES;
				CLANG_WARN_NON_LITERAL_NULL_CONVERSION = YES;
				CLANG_WARN_OBJC_IMPLICIT_RETAIN_SELF = YES;
				CLANG_WARN_OBJC_LITERAL_CONVERSION = YES;
				CLANG_WARN_OBJC_ROOT_CLASS = YES_ERROR;
				CLANG_WARN_QUOTED_INCLUDE_IN_FRAMEWORK_HEADER = YES;
				CLANG_WARN_RANGE_LOOP_ANALYSIS = YES;
				CLANG_WARN_STRICT_PROTOTYPES = YES;
				CLANG_WARN_SUSPICIOUS_MOVE = YES;
				CLANG_WARN_UNREACHABLE_CODE = YES;
				CLANG_WARN__DUPLICATE_METHOD_MATCH = YES;
				"CODE_SIGN_IDENTITY[sdk=iphoneos*]" = "iPhone Developer";
				COPY_PHASE_STRIP = YES;
				DEVELOPMENT_TEAM = Y295UCE38G;
				ENABLE_NS_ASSERTIONS = NO;
				ENABLE_STRICT_OBJC_MSGSEND = YES;
				ENABLE_USER_SCRIPT_SANDBOXING = YES;
				GCC_C_LANGUAGE_STANDARD = gnu99;
				GCC_NO_COMMON_BLOCKS = YES;
				GCC_WARN_64_TO_32_BIT_CONVERSION = YES;
				GCC_WARN_ABOUT_RETURN_TYPE = YES_ERROR;
				GCC_WARN_UNDECLARED_SELECTOR = YES;
				GCC_WARN_UNINITIALIZED_AUTOS = YES_AGGRESSIVE;
				GCC_WARN_UNUSED_FUNCTION = YES;
				GCC_WARN_UNUSED_VARIABLE = YES;
				IPHONEOS_DEPLOYMENT_TARGET = 16.4;
				LD_RUNPATH_SEARCH_PATHS = (
					/usr/lib/swift,
					"$(inherited)",
				);
				LIBRARY_SEARCH_PATHS = "$(SDKROOT)/usr/lib/swift\"$(inherited)\"";
				MR_BROCCOLI_LOCAL_APP_ICON = AppIcon;
				MR_BROCCOLI_LOCAL_BUNDLE_SUFFIX = "";
				MR_BROCCOLI_LOCAL_DISPLAY_SUFFIX = "";
				MTL_ENABLE_DEBUG_INFO = NO;
				OTHER_CFLAGS = (
					"$(inherited)",
					"-DRCT_REMOVE_LEGACY_ARCH=1",
				);
				OTHER_CPLUSPLUSFLAGS = (
					"$(inherited)",
					"-DRCT_REMOVE_LEGACY_ARCH=1",
				);
				PODFILE_DIR = "$(SRCROOT)";
				REACT_NATIVE_PATH = "${PODS_ROOT}/../../node_modules/react-native";
				SDKROOT = iphoneos;
				STRING_CATALOG_GENERATE_SYMBOLS = YES;
				SWIFT_COMPILATION_MODE = wholemodule;
				SWIFT_ENABLE_EXPLICIT_MODULES = NO;
				USE_HERMES = true;
				VALIDATE_PRODUCT = YES;
			};
			name = Release;
		};
		C01A00000000000000000031 /* Debug */ = {
			isa = XCBuildConfiguration;
			buildSettings = {
				APPLICATION_EXTENSION_API_ONLY = YES;
				CLANG_ENABLE_EXPLICIT_MODULES = NO;
				CODE_SIGN_STYLE = Automatic;
				CURRENT_PROJECT_VERSION = 17;
				DEVELOPMENT_TEAM = Y295UCE38G;
				ENABLE_USER_SCRIPT_SANDBOXING = NO;
				GCC_PREPROCESSOR_DEFINITIONS = (
					"$(inherited)",
					"FMT_USE_CONSTEVAL=0",
				);
				GENERATE_INFOPLIST_FILE = NO;
				INFOPLIST_FILE = MrBroccoliLiveActivity/Info.plist;
				IPHONEOS_DEPLOYMENT_TARGET = 16.4;
				LD_RUNPATH_SEARCH_PATHS = (
					"$(inherited)",
					"@executable_path/Frameworks",
					"@executable_path/../../Frameworks",
				);
				MARKETING_VERSION = 3.1.0;
				OTHER_SWIFT_FLAGS = "$(inherited) -D EXPO_CONFIGURATION_DEBUG";
				PRODUCT_BUNDLE_IDENTIFIER = com.tobiaswinkler.app.mrbroccoli.dev.liveactivity;
				PRODUCT_NAME = "$(TARGET_NAME)";
				SKIP_INSTALL = YES;
				SUPPORTED_PLATFORMS = "iphoneos iphonesimulator";
				SUPPORTS_MACCATALYST = NO;
				SWIFT_EMIT_LOC_STRINGS = YES;
				SWIFT_ENABLE_EXPLICIT_MODULES = NO;
				SWIFT_OPTIMIZATION_LEVEL = "-Onone";
				SWIFT_VERSION = 5.0;
				TARGETED_DEVICE_FAMILY = 1;
			};
			name = Debug;
		};
		C01A00000000000000000032 /* Release */ = {
			isa = XCBuildConfiguration;
			buildSettings = {
				APPLICATION_EXTENSION_API_ONLY = YES;
				CLANG_ENABLE_EXPLICIT_MODULES = NO;
				CODE_SIGN_STYLE = Automatic;
				CURRENT_PROJECT_VERSION = 17;
				DEVELOPMENT_TEAM = Y295UCE38G;
				ENABLE_USER_SCRIPT_SANDBOXING = NO;
				GCC_PREPROCESSOR_DEFINITIONS = (
					"$(inherited)",
					"FMT_USE_CONSTEVAL=0",
				);
				GENERATE_INFOPLIST_FILE = NO;
				INFOPLIST_FILE = MrBroccoliLiveActivity/Info.plist;
				IPHONEOS_DEPLOYMENT_TARGET = 16.4;
				LD_RUNPATH_SEARCH_PATHS = (
					"$(inherited)",
					"@executable_path/Frameworks",
					"@executable_path/../../Frameworks",
				);
				MARKETING_VERSION = 3.1.0;
				OTHER_SWIFT_FLAGS = "$(inherited) -D EXPO_CONFIGURATION_RELEASE";
				PRODUCT_BUNDLE_IDENTIFIER = "com.tobiaswinkler.app.mrbroccoli$(MR_BROCCOLI_LOCAL_BUNDLE_SUFFIX).liveactivity";
				PRODUCT_NAME = "$(TARGET_NAME)";
				SKIP_INSTALL = YES;
				SUPPORTED_PLATFORMS = "iphoneos iphonesimulator";
				SUPPORTS_MACCATALYST = NO;
				SWIFT_COMPILATION_MODE = wholemodule;
				SWIFT_EMIT_LOC_STRINGS = YES;
				SWIFT_ENABLE_EXPLICIT_MODULES = NO;
				SWIFT_VERSION = 5.0;
				TARGETED_DEVICE_FAMILY = 1;
			};
			name = Release;
		};
/* End XCBuildConfiguration section */

/* Begin XCConfigurationList section */
		00E356F71AD99517003FC87E /* Build configuration list for PBXNativeTarget "MrBroccoliTests" */ = {
			isa = XCConfigurationList;
			buildConfigurations = (
				00E356F51AD99517003FC87E /* Debug */,
				00E356F61AD99517003FC87E /* Release */,
			);
			defaultConfigurationIsVisible = 0;
			defaultConfigurationName = Release;
		};
		13B07F931A680F5B00A75B9A /* Build configuration list for PBXNativeTarget "MrBroccoli" */ = {
			isa = XCConfigurationList;
			buildConfigurations = (
				13B07F941A680F5B00A75B9A /* Debug */,
				13B07F951A680F5B00A75B9A /* Release */,
			);
			defaultConfigurationIsVisible = 0;
			defaultConfigurationName = Release;
		};
		83CBB9FA1A601CBA00E9B192 /* Build configuration list for PBXProject "MrBroccoli" */ = {
			isa = XCConfigurationList;
			buildConfigurations = (
				83CBBA201A601CBA00E9B192 /* Debug */,
				83CBBA211A601CBA00E9B192 /* Release */,
			);
			defaultConfigurationIsVisible = 0;
			defaultConfigurationName = Release;
		};
		C01A00000000000000000033 /* Build configuration list for PBXNativeTarget "MrBroccoliLiveActivity" */ = {
			isa = XCConfigurationList;
			buildConfigurations = (
				C01A00000000000000000031 /* Debug */,
				C01A00000000000000000032 /* Release */,
			);
			defaultConfigurationIsVisible = 0;
			defaultConfigurationName = Release;
		};
/* End XCConfigurationList section */
	};
	rootObject = 83CBB9F71A601CBA00E9B192 /* Project object */;
}
